
Microsoft Visual Studio Solution File, Format Version 12.00
# Visual Studio Version 16
VisualStudioVersion = 16.0.30406.217
MinimumVisualStudioVersion = 10.0.40219.1
Project("{FAE04EC0-301F-11D3-BF4B-00C04F79EFBC}") = "ProiectPropriuCalculator", "ProiectPropriuCalculator.csproj", "{E1770A43-7364-4CDA-B932-14F9A8735638}"
EndProject
Global
	GlobalSection(SolutionConfigurationPlatforms) = preSolution
		Debug|Any CPU = Debug|Any CPU
		Release|Any CPU = Release|Any CPU
	EndGlobalSection
	GlobalSection(ProjectConfigurationPlatforms) = postSolution
		{E1770A43-7364-4CDA-B932-14F9A8735638}.Debug|Any CPU.ActiveCfg = Debug|Any CPU
		{E1770A43-7364-4CDA-B932-14F9A8735638}.Debug|Any CPU.Build.0 = Debug|Any CPU
		{E1770A43-7364-4CDA-B932-14F9A8735638}.Release|Any CPU.ActiveCfg = Release|Any CPU
		{E1770A43-7364-4CDA-B932-14F9A8735638}.Release|Any CPU.Build.0 = Release|Any CPU
	EndGlobalSection
	GlobalSection(SolutionProperties) = preSolution
		HideSolutionNode = FALSE
	EndGlobalSection
	GlobalSection(ExtensibilityGlobals) = postSolution
		SolutionGuid = {1080CFB2-80E2-4493-B1B7-7432087F13B4}
	EndGlobalSection
EndGlobal
